// !$*UTF8*$!
{
	archiveVersion = 1;
	classes = {
	};
	objectVersion = 46;
	objects = {

/* Begin PBXBuildFile section */
		472F65B91DDFD0E400E6D7B8 /* main.m in Sources */ = {isa = PBXBuildFile; fileRef = 472F65B81DDFD0E400E6D7B8 /* main.m */; };
		472F65BC1DDFD0E500E6D7B8 /* AppDelegate.m in Sources */ = {isa = PBXBuildFile; fileRef = 472F65BB1DDFD0E500E6D7B8 /* AppDelegate.m */; };
		472F65BF1DDFD0E500E6D7B8 /* ViewController.m in Sources */ = {isa = PBXBuildFile; fileRef = 472F65BE1DDFD0E500E6D7B8 /* ViewController.m */; };
		472F65C21DDFD0E500E6D7B8 /* Main.storyboard in Resources */ = {isa = PBXBuildFile; fileRef = 472F65C01DDFD0E500E6D7B8 /* Main.storyboard */; };
		472F65C41DDFD0E500E6D7B8 /* Assets.xcassets in Resources */ = {isa = PBXBuildFile; fileRef = 472F65C31DDFD0E500E6D7B8 /* Assets.xcassets */; };
		472F65C71DDFD0E500E6D7B8 /* LaunchScreen.storyboard in Resources */ = {isa = PBXBuildFile; fileRef = 472F65C51DDFD0E500E6D7B8 /* LaunchScreen.storyboard */; };
		472F65D01DDFD9BB00E6D7B8 /* DetalleViewController.m in Sources */ = {isa = PBXBuildFile; fileRef = 472F65CF1DDFD9BB00E6D7B8 /* DetalleViewController.m */; };
		472F65D31DDFE0D300E6D7B8 /* CeldaPersonalizada.m in Sources */ = {isa = PBXBuildFile; fileRef = 472F65D21DDFE0D300E6D7B8 /* CeldaPersonalizada.m */; };
/* End PBXBuildFile section */

/* Begin PBXFileReference section */
		472F65B41DDFD0E400E6D7B8 /* EjercicioTableView.app */ = {isa = PBXFileReference; explicitFileType = wrapper.application; includeInIndex = 0; path = EjercicioTableView.app; sourceTree = BUILT_PRODUCTS_DIR; };
		472F65B81DDFD0E400E6D7B8 /* main.m */ = {isa = PBXFileReference; lastKnownFileType = sourcecode.c.objc; path = main.m; sourceTree = "<group>"; };
		472F65BA1DDFD0E400E6D7B8 /* AppDelegate.h */ = {isa = PBXFileReference; lastKnownFileType = sourcecode.c.h; path = AppDelegate.h; sourceTree = "<group>"; };
		472F65BB1DDFD0E500E6D7B8 /* AppDelegate.m */ = {isa = PBXFileReference; lastKnownFileType = sourcecode.c.objc; path = AppDelegate.m; sourceTree = "<group>"; };
		472F65BD1DDFD0E500E6D7B8 /* ViewController.h */ = {isa = PBXFileReference; lastKnownFileType = sourcecode.c.h; path = ViewController.h; sourceTree = "<group>"; };
		472F65BE1DDFD0E500E6D7B8 /* ViewController.m */ = {isa = PBXFileReference; lastKnownFileType = sourcecode.c.objc; path = ViewController.m; sourceTree = "<group>"; };
		472F65C11DDFD0E500E6D7B8 /* Base */ = {isa = PBXFileReference; lastKnownFileType = file.storyboard; name = Base; path = Base.lproj/Main.storyboard; sourceTree = "<group>"; };
		472F65C31DDFD0E500E6D7B8 /* Assets.xcassets */ = {isa = PBXFileReference; lastKnownFileType = folder.assetcatalog; path = Assets.xcassets; sourceTree = "<group>"; };
		472F65C61DDFD0E500E6D7B8 /* Base */ = {isa = PBXFileReference; lastKnownFileType = file.storyboard; name = Base; path = Base.lproj/LaunchScreen.storyboard; sourceTree = "<group>"; };
		472F65C81DDFD0E500E6D7B8 /* Info.plist */ = {isa = PBXFileReference; lastKnownFileType = text.plist.xml; path = Info.plist; sourceTree = "<group>"; };
		472F65CE1DDFD9BB00E6D7B8 /* DetalleViewController.h */ = {isa = PBXFileReference; fileEncoding = 4; lastKnownFileType = sourcecode.c.h; path = DetalleViewController.h; sourceTree = "<group>"; };
		472F65CF1DDFD9BB00E6D7B8 /* DetalleViewController.m */ = {isa = PBXFileReference; fileEncoding = 4; lastKnownFileType = sourcecode.c.objc; path = DetalleViewController.m; sourceTree = "<group>"; };
		472F65D11DDFE0D300E6D7B8 /* CeldaPersonalizada.h */ = {isa = PBXFileReference; fileEncoding = 4; lastKnownFileType = sourcecode.c.h; path = CeldaPersonalizada.h; sourceTree = "<group>"; };
		472F65D21DDFE0D300E6D7B8 /* CeldaPersonalizada.m */ = {isa = PBXFileReference; fileEncoding = 4; lastKnownFileType = sourcecode.c.objc; path = CeldaPersonalizada.m; sourceTree = "<group>"; };
/* End PBXFileReference section */

/* Begin PBXFrameworksBuildPhase section */
		472F65B11DDFD0E400E6D7B8 /* Frameworks */ = {
			isa = PBXFrameworksBuildPhase;
			buildActionMask = 2147483647;
			files = (
			);
			runOnlyForDeploymentPostprocessing = 0;
		};
/* End PBXFrameworksBuildPhase section */

/* Begin PBXGroup section */
		472F65AB1DDFD0E400E6D7B8 = {
			isa = PBXGroup;
			children = (
				472F65B61DDFD0E400E6D7B8 /* EjercicioTableView */,
				472F65B51DDFD0E400E6D7B8 /* Products */,
			);
			sourceTree = "<group>";
		};
		472F65B51DDFD0E400E6D7B8 /* Products */ = {
			isa = PBXGroup;
			children = (
				472F65B41DDFD0E400E6D7B8 /* EjercicioTableView.app */,
			);
			name = Products;
			sourceTree = "<group>";
		};
		472F65B61DDFD0E400E6D7B8 /* EjercicioTableView */ = {
			isa = PBXGroup;
			children = (
				472F65BA1DDFD0E400E6D7B8 /* AppDelegate.h */,
				472F65BB1DDFD0E500E6D7B8 /* AppDelegate.m */,
				472F65BD1DDFD0E500E6D7B8 /* ViewController.h */,
				472F65BE1DDFD0E500E6D7B8 /* ViewController.m */,
				472F65CE1DDFD9BB00E6D7B8 /* DetalleViewController.h */,
				472F65CF1DDFD9BB00E6D7B8 /* DetalleViewController.m */,
				472F65D11DDFE0D300E6D7B8 /* CeldaPersonalizada.h */,
				472F65D21DDFE0D300E6D7B8 /* CeldaPersonalizada.m */,
				472F65C01DDFD0E500E6D7B8 /* Main.storyboard */,
				472F65C31DDFD0E500E6D7B8 /* Assets.xcassets */,
				472F65C51DDFD0E500E6D7B8 /* LaunchScreen.storyboard */,
				472F65C81DDFD0E500E6D7B8 /* Info.plist */,
				472F65B71DDFD0E400E6D7B8 /* Supporting Files */,
			);
			path = EjercicioTableView;
			sourceTree = "<group>";
		};
		472F65B71DDFD0E400E6D7B8 /* Supporting Files */ = {
			isa = PBXGroup;
			children = (
				472F65B81DDFD0E400E6D7B8 /* main.m */,
			);
			name = "Supporting Files";
			sourceTree = "<group>";
		};
/* End PBXGroup section */

/* Begin PBXNativeTarget section */
		472F65B31DDFD0E400E6D7B8 /* EjercicioTableView */ = {
			isa = PBXNativeTarget;
			buildConfigurationList = 472F65CB1DDFD0E500E6D7B8 /* Build configuration list for PBXNativeTarget "EjercicioTableView" */;
			buildPhases = (
				472F65B01DDFD0E400E6D7B8 /* Sources */,
				472F65B11DDFD0E400E6D7B8 /* Frameworks */,
				472F65B21DDFD0E400E6D7B8 /* Resources */,
			);
			buildRules = (
			);
			dependencies = (
			);
			name = EjercicioTableView;
			productName = EjercicioTableView;
			productReference = 472F65B41DDFD0E400E6D7B8 /* EjercicioTableView.app */;
			productType = "com.apple.product-type.application";
		};
/* End PBXNativeTarget section */

/* Begin PBXProject section */
		472F65AC1DDFD0E400E6D7B8 /* Project object */ = {
			isa = PBXProject;
			attributes = {
				LastUpgradeCheck = 0810;
				ORGANIZATIONNAME = "Julio Galeano";
				TargetAttributes = {
					472F65B31DDFD0E400E6D7B8 = {
						CreatedOnToolsVersion = 8.1;
						ProvisioningStyle = Automatic;
					};
				};
			};
			buildConfigurationList = 472F65AF1DDFD0E400E6D7B8 /* Build configuration list for PBXProject "EjercicioTableView" */;
			compatibilityVersion = "Xcode 3.2";
			developmentRegion = English;
			hasScannedForEncodings = 0;
			knownRegions = (
				en,
				Base,
			);
			mainGroup = 472F65AB1DDFD0E400E6D7B8;
			productRefGroup = 472F65B51DDFD0E400E6D7B8 /* Products */;
			projectDirPath = "";
			projectRoot = "";
			targets = (
				472F65B31DDFD0E400E6D7B8 /* EjercicioTableView */,
			);
		};
/* End PBXProject section */

/* Begin PBXResourcesBuildPhase section */
		472F65B21DDFD0E400E6D7B8 /* Resources */ = {
			isa = PBXResourcesBuildPhase;
			buildActionMask = 2147483647;
			files = (
				472F65C71DDFD0E500E6D7B8 /* LaunchScreen.storyboard in Resources */,
				472F65C41DDFD0E500E6D7B8 /* Assets.xcassets in Resources */,
				472F65C21DDFD0E500E6D7B8 /* Main.storyboard in Resources */,
			);
			runOnlyForDeploymentPostprocessing = 0;
		};
/* End PBXResourcesBuildPhase section */

/* Begin PBXSourcesBuildPhase section */
		472F65B01DDFD0E400E6D7B8 /* Sources */ = {
			isa = PBXSourcesBuildPhase;
			buildActionMask = 2147483647;
			files = (
				472F65D01DDFD9BB00E6D7B8 /* DetalleViewController.m in Sources */,
				472F65D31DDFE0D300E6D7B8 /* CeldaPersonalizada.m in Sources */,
				472F65BF1DDFD0E500E6D7B8 /* ViewController.m in Sources */,
				472F65BC1DDFD0E500E6D7B8 /* AppDelegate.m in Sources */,
				472F65B91DDFD0E400E6D7B8 /* main.m in Sources */,
			);
			runOnlyForDeploymentPostprocessing = 0;
		};
/* End PBXSourcesBuildPhase section */

/* Begin PBXVariantGroup section */
		472F65C01DDFD0E500E6D7B8 /* Main.storyboard */ = {
			isa = PBXVariantGroup;
			children = (
				472F65C11DDFD0E500E6D7B8 /* Base */,
			);
			name = Main.storyboard;
			sourceTree = "<group>";
		};
		472F65C51DDFD0E500E6D7B8 /* LaunchScreen.storyboard */ = {
			isa = PBXVariantGroup;
			children = (
				472F65C61DDFD0E500E6D7B8 /* Base */,
			);
			name = LaunchScreen.storyboard;
			sourceTree = "<group>";
		};
/* End PBXVariantGroup section */

/* Begin XCBuildConfiguration section */
		472F65C91DDFD0E500E6D7B8 /* Debug */ = {
			isa = XCBuildConfiguration;
			buildSettings = {
				ALWAYS_SEARCH_USER_PATHS = NO;
				CLANG_ANALYZER_NONNULL = YES;
				CLANG_CXX_LANGUAGE_STANDARD = "gnu++0x";
				CLANG_CXX_LIBRARY = "libc++";
				CLANG_ENABLE_MODULES = YES;
				CLANG_ENABLE_OBJC_ARC = YES;
				CLANG_WARN_BOOL_CONVERSION = YES;
				CLANG_WARN_CONSTANT_CONVERSION = YES;
				CLANG_WARN_DIRECT_OBJC_ISA_USAGE = YES_ERROR;
				CLANG_WARN_DOCUMENTATION_COMMENTS = YES;
				CLANG_WARN_EMPTY_BODY = YES;
				CLANG_WARN_ENUM_CONVERSION = YES;
				CLANG_WARN_INFINITE_RECURSION = YES;
				CLANG_WARN_INT_CONVERSION = YES;
				CLANG_WARN_OBJC_ROOT_CLASS = YES_ERROR;
				CLANG_WARN_SUSPICIOUS_MOVES = YES;
				CLANG_WARN_UNREACHABLE_CODE = YES;
				CLANG_WARN__DUPLICATE_METHOD_MATCH = YES;
				"CODE_SIGN_IDENTITY[sdk=iphoneos*]" = "iPhone Developer";
				COPY_PHASE_STRIP = NO;
				DEBUG_INFORMATION_FORMAT = dwarf;
				ENABLE_STRICT_OBJC_MSGSEND = YES;
				ENABLE_TESTABILITY = YES;
				GCC_C_LANGUAGE_STANDARD = gnu99;
				GCC_DYNAMIC_NO_PIC = NO;
				GCC_NO_COMMON_BLOCKS = YES;
				GCC_OPTIMIZATION_LEVEL = 0;
				GCC_PREPROCESSOR_DEFINITIONS = (
					"DEBUG=1",
					"$(inherited)",
				);
				GCC_WARN_64_TO_32_BIT_CONVERSION = YES;
				GCC_WARN_ABOUT_RETURN_TYPE = YES_ERROR;
				GCC_WARN_UNDECLARED_SELECTOR = YES;
				GCC_WARN_UNINITIALIZED_AUTOS = YES_AGGRESSIVE;
				GCC_WARN_UNUSED_FUNCTION = YES;
				GCC_WARN_UNUSED_VARIABLE = YES;
				IPHONEOS_DEPLOYMENT_TARGET = 10.1;
				MTL_ENABLE_DEBUG_INFO = YES;
				ONLY_ACTIVE_ARCH = YES;
				SDKROOT = iphoneos;
			};
			name = Debug;
		};
		472F65CA1DDFD0E500E6D7B8 /* Release */ = {
			isa = XCBuildConfiguration;
			buildSettings = {
				ALWAYS_SEARCH_USER_PATHS = NO;
				CLANG_ANALYZER_NONNULL = YES;
				CLANG_CXX_LANGUAGE_STANDARD = "gnu++0x";
				CLANG_CXX_LIBRARY = "libc++";
				CLANG_ENABLE_MODULES = YES;
				CLANG_ENABLE_OBJC_ARC = YES;
				CLANG_WARN_BOOL_CONVERSION = YES;
				CLANG_WARN_CONSTANT_CONVERSION = YES;
				CLANG_WARN_DIRECT_OBJC_ISA_USAGE = YES_ERROR;
				CLANG_WARN_DOCUMENTATION_COMMENTS = YES;
				CLANG_WARN_EMPTY_BODY = YES;
				CLANG_WARN_ENUM_CONVERSION = YES;
				CLANG_WARN_INFINITE_RECURSION = YES;
				CLANG_WARN_INT_CONVERSION = YES;
				CLANG_WARN_OBJC_ROOT_CLASS = YES_ERROR;
				CLANG_WARN_SUSPICIOUS_MOVES = YES;
				CLANG_WARN_UNREACHABLE_CODE = YES;
				CLANG_WARN__DUPLICATE_METHOD_MATCH = YES;
				"CODE_SIGN_IDENTITY[sdk=iphoneos*]" = "iPhone Developer";
				COPY_PHASE_STRIP = NO;
				DEBUG_INFORMATION_FORMAT = "dwarf-with-dsym";
				ENABLE_NS_ASSERTIONS = NO;
				ENABLE_STRICT_OBJC_MSGSEND = YES;
				GCC_C_LANGUAGE_STANDARD = gnu99;
				GCC_NO_COMMON_BLOCKS = YES;
				GCC_WARN_64_TO_32_BIT_CONVERSION = YES;
				GCC_WARN_ABOUT_RETURN_TYPE = YES_ERROR;
				GCC_WARN_UNDECLARED_SELECTOR = YES;
				GCC_WARN_UNINITIALIZED_AUTOS = YES_AGGRESSIVE;
				GCC_WARN_UNUSED_FUNCTION = YES;
				GCC_WARN_UNUSED_VARIABLE = YES;
				IPHONEOS_DEPLOYMENT_TARGET = 10.1;
				MTL_ENABLE_DEBUG_INFO = NO;
				SDKROOT = iphoneos;
				VALIDATE_PRODUCT = YES;
			};
			name = Release;
		};
		472F65CC1DDFD0E500E6D7B8 /* Debug */ = {
			isa = XCBuildConfiguration;
			buildSettings = {
				ASSETCATALOG_COMPILER_APPICON_NAME = AppIcon;
				INFOPLIST_FILE = EjercicioTableView/Info.plist;
				LD_RUNPATH_SEARCH_PATHS = "$(inherited) @executable_path/Frameworks";
				PRODUCT_BUNDLE_IDENTIFIER = com.feud.EjercicioTableView;
				PRODUCT_NAME = "$(TARGET_NAME)";
			};
			name = Debug;
		};
		472F65CD1DDFD0E500E6D7B8 /* Release */ = {
			isa = XCBuildConfiguration;
			buildSettings = {
				ASSETCATALOG_COMPILER_APPICON_NAME = AppIcon;
				INFOPLIST_FILE = EjercicioTableView/Info.plist;
				LD_RUNPATH_SEARCH_PATHS = "$(inherited) @executable_path/Frameworks";
				PRODUCT_BUNDLE_IDENTIFIER = com.feud.EjercicioTableView;
				PRODUCT_NAME = "$(TARGET_NAME)";
			};
			name = Release;
		};
/* End XCBuildConfiguration section */

/* Begin XCConfigurationList section */
		472F65AF1DDFD0E400E6D7B8 /* Build configuration list for PBXProject "EjercicioTableView" */ = {
			isa = XCConfigurationList;
			buildConfigurations = (
				472F65C91DDFD0E500E6D7B8 /* Debug */,
				472F65CA1DDFD0E500E6D7B8 /* Release */,
			);
			defaultConfigurationIsVisible = 0;
			defaultConfigurationName = Release;
		};
		472F65CB1DDFD0E500E6D7B8 /* Build configuration list for PBXNativeTarget "EjercicioTableView" */ = {
			isa = XCConfigurationList;
			buildConfigurations = (
				472F65CC1DDFD0E500E6D7B8 /* Debug */,
				472F65CD1DDFD0E500E6D7B8 /* Release */,
			);
			defaultConfigurationIsVisible = 0;
		};
/* End XCConfigurationList section */
	};
	rootObject = 472F65AC1DDFD0E400E6D7B8 /* Project object */;
}
